<Solution>
  <Folder Name="/Application/">
    <Project Path="Application/FlightBooking.Application.csproj" />
  </Folder>
  <Folder Name="/Domain/">
    <Project Path="Domain/FlightBooking.Domain.csproj" />
  </Folder>
  <Folder Name="/Infrastructure/">
    <Project Path="Infrastructure/FlightBooking.Infrastructure.csproj" />
  </Folder>
  <Project Path="API/API.csproj" />
</Solution>
